
Microsoft Visual Studio Solution File, Format Version 12.00
# Visual Studio 15
VisualStudioVersion = 15.0.27004.2005
MinimumVisualStudioVersion = 10.0.40219.1
Project("{FAE04EC0-301F-11D3-BF4B-00C04F79EFBC}") = "WindowsUpdateBlocker", "WindowsUpdateBlocker\WindowsUpdateBlocker.csproj", "{F6C77CEE-9B7B-49F5-A9CC-0702A5224270}"
EndProject
Global
	GlobalSection(SolutionConfigurationPlatforms) = preSolution
		Debug|Any CPU = Debug|Any CPU
		Release|Any CPU = Release|Any CPU
	EndGlobalSection
	GlobalSection(ProjectConfigurationPlatforms) = postSolution
		{F6C77CEE-9B7B-49F5-A9CC-0702A5224270}.Debug|Any CPU.ActiveCfg = Debug|Any CPU
		{F6C77CEE-9B7B-49F5-A9CC-0702A5224270}.Debug|Any CPU.Build.0 = Debug|Any CPU
		{F6C77CEE-9B7B-49F5-A9CC-0702A5224270}.Release|Any CPU.ActiveCfg = Release|Any CPU
		{F6C77CEE-9B7B-49F5-A9CC-0702A5224270}.Release|Any CPU.Build.0 = Release|Any CPU
	EndGlobalSection
	GlobalSection(SolutionProperties) = preSolution
		HideSolutionNode = FALSE
	EndGlobalSection
	GlobalSection(ExtensibilityGlobals) = postSolution
		SolutionGuid = {20291B7E-2896-4396-9F33-72FCA33DF0D0}
	EndGlobalSection
EndGlobal
